
Microsoft Visual Studio Solution File, Format Version 12.00
# Visual Studio Version 17
VisualStudioVersion = 17.4.33213.308
MinimumVisualStudioVersion = 10.0.40219.1
Project("{9A19103F-16F7-4668-BE54-9A1E7A4F7556}") = "Test", "Test.csproj", "{FDF03EF5-58CC-4938-A6A8-B44CBDAB75D6}"
EndProject
Global
	GlobalSection(SolutionConfigurationPlatforms) = preSolution
		Debug|Any CPU = Debug|Any CPU
		Release|Any CPU = Release|Any CPU
	EndGlobalSection
	GlobalSection(ProjectConfigurationPlatforms) = postSolution
		{FDF03EF5-58CC-4938-A6A8-B44CBDAB75D6}.Debug|Any CPU.ActiveCfg = Debug|x64
		{FDF03EF5-58CC-4938-A6A8-B44CBDAB75D6}.Debug|Any CPU.Build.0 = Debug|x64
		{FDF03EF5-58CC-4938-A6A8-B44CBDAB75D6}.Release|Any CPU.ActiveCfg = Release|Any CPU
		{FDF03EF5-58CC-4938-A6A8-B44CBDAB75D6}.Release|Any CPU.Build.0 = Release|Any CPU
	EndGlobalSection
	GlobalSection(SolutionProperties) = preSolution
		HideSolutionNode = FALSE
	EndGlobalSection
	GlobalSection(ExtensibilityGlobals) = postSolution
		SolutionGuid = {74F4CA10-0606-44C4-81B2-5AF60CAA0FD0}
	EndGlobalSection
EndGlobal
